
Microsoft Visual Studio Solution File, Format Version 12.00
# Visual Studio 2012
Project("{FAE04EC0-301F-11D3-BF4B-00C04F79EFBC}") = "CustomRenderersTut", "CustomRenderersTut\CustomRenderersTut.csproj", "{3B5DD14B-F065-4DEC-98DE-0762688D0DD3}"
EndProject
Project("{FAE04EC0-301F-11D3-BF4B-00C04F79EFBC}") = "CustomRenderersTut.iOS", "iOS\CustomRenderersTut.iOS.csproj", "{F525DCC7-5353-425E-A6D7-58AD6210B059}"
EndProject
Project("{FAE04EC0-301F-11D3-BF4B-00C04F79EFBC}") = "CustomRenderersTut.Droid", "Droid\CustomRenderersTut.Droid.csproj", "{A79E0020-3DCE-47D5-BA55-0C99A383CD1C}"
EndProject
Global
	GlobalSection(SolutionConfigurationPlatforms) = preSolution
		Debug|Any CPU = Debug|Any CPU
		Release|Any CPU = Release|Any CPU
		Debug|iPhoneSimulator = Debug|iPhoneSimulator
		Release|iPhone = Release|iPhone
		Release|iPhoneSimulator = Release|iPhoneSimulator
		Debug|iPhone = Debug|iPhone
	EndGlobalSection
	GlobalSection(ProjectConfigurationPlatforms) = postSolution
		{3B5DD14B-F065-4DEC-98DE-0762688D0DD3}.Debug|Any CPU.ActiveCfg = Debug|Any CPU
		{3B5DD14B-F065-4DEC-98DE-0762688D0DD3}.Debug|Any CPU.Build.0 = Debug|Any CPU
		{3B5DD14B-F065-4DEC-98DE-0762688D0DD3}.Debug|iPhone.ActiveCfg = Debug|Any CPU
		{3B5DD14B-F065-4DEC-98DE-0762688D0DD3}.Debug|iPhone.Build.0 = Debug|Any CPU
		{3B5DD14B-F065-4DEC-98DE-0762688D0DD3}.Debug|iPhoneSimulator.ActiveCfg = Debug|Any CPU
		{3B5DD14B-F065-4DEC-98DE-0762688D0DD3}.Debug|iPhoneSimulator.Build.0 = Debug|Any CPU
		{3B5DD14B-F065-4DEC-98DE-0762688D0DD3}.Release|Any CPU.ActiveCfg = Release|Any CPU
		{3B5DD14B-F065-4DEC-98DE-0762688D0DD3}.Release|Any CPU.Build.0 = Release|Any CPU
		{3B5DD14B-F065-4DEC-98DE-0762688D0DD3}.Release|iPhone.ActiveCfg = Release|Any CPU
		{3B5DD14B-F065-4DEC-98DE-0762688D0DD3}.Release|iPhone.Build.0 = Release|Any CPU
		{3B5DD14B-F065-4DEC-98DE-0762688D0DD3}.Release|iPhoneSimulator.ActiveCfg = Release|Any CPU
		{3B5DD14B-F065-4DEC-98DE-0762688D0DD3}.Release|iPhoneSimulator.Build.0 = Release|Any CPU
		{A79E0020-3DCE-47D5-BA55-0C99A383CD1C}.Debug|Any CPU.ActiveCfg = Debug|Any CPU
		{A79E0020-3DCE-47D5-BA55-0C99A383CD1C}.Debug|Any CPU.Build.0 = Debug|Any CPU
		{A79E0020-3DCE-47D5-BA55-0C99A383CD1C}.Debug|iPhone.ActiveCfg = Debug|Any CPU
		{A79E0020-3DCE-47D5-BA55-0C99A383CD1C}.Debug|iPhone.Build.0 = Debug|Any CPU
		{A79E0020-3DCE-47D5-BA55-0C99A383CD1C}.Debug|iPhoneSimulator.ActiveCfg = Debug|Any CPU
		{A79E0020-3DCE-47D5-BA55-0C99A383CD1C}.Debug|iPhoneSimulator.Build.0 = Debug|Any CPU
		{A79E0020-3DCE-47D5-BA55-0C99A383CD1C}.Release|Any CPU.ActiveCfg = Release|Any CPU
		{A79E0020-3DCE-47D5-BA55-0C99A383CD1C}.Release|Any CPU.Build.0 = Release|Any CPU
		{A79E0020-3DCE-47D5-BA55-0C99A383CD1C}.Release|iPhone.ActiveCfg = Release|Any CPU
		{A79E0020-3DCE-47D5-BA55-0C99A383CD1C}.Release|iPhone.Build.0 = Release|Any CPU
		{A79E0020-3DCE-47D5-BA55-0C99A383CD1C}.Release|iPhoneSimulator.ActiveCfg = Release|Any CPU
		{A79E0020-3DCE-47D5-BA55-0C99A383CD1C}.Release|iPhoneSimulator.Build.0 = Release|Any CPU
		{F525DCC7-5353-425E-A6D7-58AD6210B059}.Debug|Any CPU.ActiveCfg = Debug|iPhoneSimulator
		{F525DCC7-5353-425E-A6D7-58AD6210B059}.Debug|Any CPU.Build.0 = Debug|iPhoneSimulator
		{F525DCC7-5353-425E-A6D7-58AD6210B059}.Debug|iPhone.ActiveCfg = Debug|iPhone
		{F525DCC7-5353-425E-A6D7-58AD6210B059}.Debug|iPhone.Build.0 = Debug|iPhone
		{F525DCC7-5353-425E-A6D7-58AD6210B059}.Debug|iPhoneSimulator.ActiveCfg = Debug|iPhoneSimulator
		{F525DCC7-5353-425E-A6D7-58AD6210B059}.Debug|iPhoneSimulator.Build.0 = Debug|iPhoneSimulator
		{F525DCC7-5353-425E-A6D7-58AD6210B059}.Release|Any CPU.ActiveCfg = Release|iPhone
		{F525DCC7-5353-425E-A6D7-58AD6210B059}.Release|Any CPU.Build.0 = Release|iPhone
		{F525DCC7-5353-425E-A6D7-58AD6210B059}.Release|iPhone.ActiveCfg = Release|iPhone
		{F525DCC7-5353-425E-A6D7-58AD6210B059}.Release|iPhone.Build.0 = Release|iPhone
		{F525DCC7-5353-425E-A6D7-58AD6210B059}.Release|iPhoneSimulator.ActiveCfg = Release|iPhoneSimulator
		{F525DCC7-5353-425E-A6D7-58AD6210B059}.Release|iPhoneSimulator.Build.0 = Release|iPhoneSimulator
	EndGlobalSection
EndGlobal
